<?xml version="1.0" encoding="utf-8"?>
<Project ToolsVersion="4.0" xmlns="http://schemas.microsoft.com/developer/msbuild/2003">
  <ItemGroup>
    <ApplicationDefinition Include="App.xaml" />
  </ItemGroup>
  <ItemGroup>
    <ClCompile Include="air.xaml.cpp" />
    <ClCompile Include="fivetanks.xaml.cpp" />
    <ClCompile Include="App.xaml.cpp" />
    <ClCompile Include="guided_tour_nav.xaml.cpp" />
    <ClCompile Include="hatchery_map.xaml.cpp" />
    <ClCompile Include="Hometimer.cpp" />
    <ClCompile Include="incubation.xaml.cpp" />
    <ClCompile Include="incubation_2.xaml.cpp" />
    <ClCompile Include="MainPage.xaml.cpp" />
    <ClCompile Include="pch.cpp" />
    <ClCompile Include="test_walkthrough1.xaml.cpp" />
    <ClCompile Include="test_walkthrough2.xaml.cpp" />
    <ClCompile Include="test_walkthrough3.xaml.cpp" />
    <ClCompile Include="tour_page_1.xaml.cpp" />
    <ClCompile Include="walkthrough_start1.xaml.cpp" />
    <ClCompile Include="water_treatment.xaml.cpp" />
    <ClCompile Include="water_intake.xaml.cpp" />
    <ClCompile Include="fish_delivery.xaml.cpp" />
  </ItemGroup>
  <ItemGroup>
    <ClInclude Include="air.xaml.h" />
    <ClInclude Include="fivetanks.xaml.h" />
    <ClInclude Include="directory.h" />
    <ClInclude Include="guided_tour_nav.xaml.h" />
    <ClInclude Include="hatchery_map.xaml.h" />
    <ClInclude Include="Hometimer.h" />
    <ClInclude Include="incubation.xaml.h" />
    <ClInclude Include="incubation_2.xaml.h" />
    <ClInclude Include="pch.h" />
    <ClInclude Include="App.xaml.h" />
    <ClInclude Include="MainPage.xaml.h" />
    <ClInclude Include="test_walkthrough1.xaml.h" />
    <ClInclude Include="test_walkthrough2.xaml.h" />
    <ClInclude Include="test_walkthrough3.xaml.h" />
    <ClInclude Include="tour_page_1.xaml.h" />
    <ClInclude Include="walkthrough_start1.xaml.h" />
    <ClInclude Include="water_treatment.xaml.h" />
    <ClInclude Include="resource.h" />
    <ClInclude Include="water_intake.xaml.h" />
    <ClInclude Include="fish_delivery.xaml.h" />
  </ItemGroup>
  <ItemGroup>
    <Image Include="Assets\down_arrow.png">
      <Filter>images</Filter>
    </Image>
    <Image Include="Assets\Egg Room Guided Tour\egg_001.jpg">
      <Filter>images</Filter>
    </Image>
    <Image Include="Assets\Egg Room Guided Tour\egg_002.jpg">
      <Filter>images</Filter>
    </Image>
    <Image Include="Assets\Egg Room Guided Tour\egg_002_01.jpg">
      <Filter>images</Filter>
    </Image>
    <Image Include="Assets\Egg Room Guided Tour\egg_002_02.jpg">
      <Filter>images</Filter>
    </Image>
    <Image Include="Assets\Egg Room Guided Tour\egg_002_03.jpg">
      <Filter>images</Filter>
    </Image>
    <Image Include="Assets\egg_intake.jpg">
      <Filter>images</Filter>
    </Image>
    <Image Include="Assets\filter.gif">
      <Filter>images</Filter>
    </Image>
    <Image Include="Assets\fishparty_bubble.png">
      <Filter>images</Filter>
    </Image>
    <Image Include="Assets\boiler_room2.jpg">
      <Filter>images</Filter>
    </Image>
    <Image Include="Assets\boiler_room.jpg">
      <Filter>images</Filter>
    </Image>
    <Image Include="Assets\air_background.jpg">
      <Filter>images</Filter>
    </Image>
    <Image Include="Assets\hatchery_map.jpg">
      <Filter>images</Filter>
    </Image>
    <Image Include="Assets\left_arrow.png">
      <Filter>images</Filter>
    </Image>
    <Image Include="Assets\LockScreenLogo.scale-200.png">
      <Filter>images</Filter>
    </Image>
    <Image Include="Assets\salmon.gif">
      <Filter>images</Filter>
    </Image>
    <Image Include="Assets\right_arrow.png">
      <Filter>images</Filter>
    </Image>
    <Image Include="Assets\splash_image.jpg">
      <Filter>images</Filter>
    </Image>
    <Image Include="Assets\SplashScreen.scale-200.png">
      <Filter>images</Filter>
    </Image>
    <Image Include="Assets\Square44x44Logo.scale-200.png">
      <Filter>images</Filter>
    </Image>
    <Image Include="Assets\Square44x44Logo.targetsize-24_altform-unplated.png">
      <Filter>images</Filter>
    </Image>
    <Image Include="Assets\Square150x150Logo.scale-200.png">
      <Filter>images</Filter>
    </Image>
    <Image Include="Assets\StoreLogo.png">
      <Filter>images</Filter>
    </Image>
    <Image Include="Assets\test_header.png">
      <Filter>images</Filter>
    </Image>
    <Image Include="Assets\test_header2.png">
      <Filter>images</Filter>
    </Image>
    <Image Include="Assets\up_arrow.png">
      <Filter>images</Filter>
    </Image>
    <Image Include="Assets\walkthrough\walkthrough_start1.jpg">
      <Filter>images</Filter>
    </Image>
    <Image Include="Assets\test walkthrough\walkthrough1.jpg">
      <Filter>images</Filter>
    </Image>
    <Image Include="Assets\test walkthrough\walkthrough3.jpg">
      <Filter>images</Filter>
    </Image>
    <Image Include="Assets\test walkthrough\walkthrough2.jpg">
      <Filter>images</Filter>
    </Image>
    <Image Include="Assets\test walkthrough\walkthrough4.jpg">
      <Filter>images</Filter>
    </Image>
    <Image Include="Assets\bg_wintake.jpg">
      <Filter>images</Filter>
    </Image>
    <Image Include="Assets\win_close.jpg">
      <Filter>images</Filter>
    </Image>
    <Image Include="Assets\Round_Icon.png">
      <Filter>images</Filter>
    </Image>
    <Image Include="Assets\delivery_truck2.png">
      <Filter>images</Filter>
    </Image>
    <Image Include="Assets\Egg Room Guided Tour\egg_001.jpg">
      <Filter>images\Egg Room Guided Tour</Filter>
    </Image>
    <Image Include="Assets\test walkthrough\walkthrough5.jpg">
      <Filter>images</Filter>
    </Image>
    <Image Include="Assets\test walkthrough\walkthrough6.jpg">
      <Filter>images</Filter>
    </Image>
    <Image Include="Assets\test walkthrough\walkthrough7.jpg">
      <Filter>images</Filter>
    </Image>
    <Image Include="Assets\test walkthrough\walkthrough8.jpg">
      <Filter>images</Filter>
    </Image>
    <Image Include="Assets\Wide310x150Logo.scale-200.png">
      <Filter>images</Filter>
    </Image>
    <Image Include="Assets\fishparty_splash_background.png">
      <Filter>images</Filter>
    </Image>
  </ItemGroup>
  <ItemGroup>
    <AppxManifest Include="Package.appxmanifest" />
  </ItemGroup>
  <ItemGroup>
    <None Include="fishparty_TemporaryKey.pfx" />
    <None Include="Iron_content_display.htm" />
    <None Include="heat_content_display.htm" />
  </ItemGroup>
  <ItemGroup>
    <Page Include="guided_tour_nav.xaml" />
    <Page Include="hatchery_map.xaml" />
    <Page Include="MainPage.xaml" />
    <Page Include="tour_page_1.xaml" />
    <Page Include="walkthrough_start1.xaml" />
    <Page Include="test_walkthrough3.xaml">
      <Filter>test walkthrough</Filter>
    </Page>
    <Page Include="test_walkthrough1.xaml">
      <Filter>test walkthrough</Filter>
    </Page>
    <Page Include="test_walkthrough2.xaml">
      <Filter>test walkthrough</Filter>
    </Page>
    <Page Include="air.xaml">
      <Filter>guided tour pages</Filter>
    </Page>
    <Page Include="fivetanks.xaml">
      <Filter>guided tour pages</Filter>
    </Page>
    <Page Include="water_intake.xaml">
      <Filter>guided tour pages</Filter>
    </Page>
    <Page Include="fish_delivery.xaml">
      <Filter>guided tour pages</Filter>
    </Page>
    <Page Include="incubation.xaml">
      <Filter>guided tour pages</Filter>
    </Page>
    <Page Include="incubation_2.xaml">
      <Filter>guided tour pages</Filter>
    </Page>
    <Page Include="water_treatment.xaml">
      <Filter>guided tour pages</Filter>
    </Page>
  </ItemGroup>
  <ItemGroup>
    <Filter Include="images">
      <UniqueIdentifier>{e6a7b1eb-2023-4190-b735-805ad8a1c4f1}</UniqueIdentifier>
    </Filter>
    <Filter Include="test walkthrough">
      <UniqueIdentifier>{74175036-dbc0-40ee-bdf9-963b514a39ea}</UniqueIdentifier>
    </Filter>
    <Filter Include="guided tour pages">
      <UniqueIdentifier>{d1abf654-6a8b-4548-9a55-8aa774fdbc73}</UniqueIdentifier>
    </Filter>
  </ItemGroup>
  <ItemGroup>
    <ApplicationDefinition Include="App.xaml">
      <Filter>global resources</Filter>
    </ApplicationDefinition>
  </ItemGroup>
  <ItemGroup>
    <ResourceCompile Include="fishparty.rc" />
  </ItemGroup>
</Project>