<?xml version="1.0" encoding="utf-8"?>
<Project ToolsVersion="4.0" xmlns="http://schemas.microsoft.com/developer/msbuild/2003">
  <ItemGroup>
    <ClCompile Include="air.xaml.cpp" />
    <ClCompile Include="fivetanks.xaml.cpp" />
    <ClCompile Include="App.xaml.cpp" />
    <ClCompile Include="guided_tour_nav.xaml.cpp" />
    <ClCompile Include="hatchery_map.xaml.cpp" />
    <ClCompile Include="incubation.xaml.cpp" />
    <ClCompile Include="incubation_2.xaml.cpp" />
    <ClCompile Include="MainPage.xaml.cpp" />
    <ClCompile Include="tour_page_1.xaml.cpp" />
    <ClCompile Include="walkthrough_start1.xaml.cpp" />
    <ClCompile Include="water_treatment.xaml.cpp" />
    <ClCompile Include="water_intake.xaml.cpp" />
    <ClCompile Include="fish_delivery.xaml.cpp" />
    <ClCompile Include="six_foot_tanks.xaml.cpp" />
    <ClCompile Include="six_foot_tanks_2.xaml.cpp" />
    <ClCompile Include="tf_foot_tanks.xaml.cpp" />
    <ClCompile Include="tf_foot_filters.xaml.cpp" />
    <ClCompile Include="walkthrough_F1.xaml.cpp" />
    <ClCompile Include="walkthrough_F1R1.xaml.cpp" />
    <ClCompile Include="walkthrough_F2.xaml.cpp" />
    <ClCompile Include="walkthrough_L1.xaml.cpp" />
    <ClCompile Include="walkthrough_L1F1.xaml.cpp" />
    <ClCompile Include="walkthrough_L1F1R1.xaml.cpp" />
    <ClCompile Include="walkthrough_L1F2.xaml.cpp" />
    <ClCompile Include="walkthrough_L1F2R1.xaml.cpp" />
    <ClCompile Include="walkthrough_R1.xaml.cpp" />
    <ClCompile Include="walkthrough_F1R1F1.xaml.cpp" />
    <ClCompile Include="walkthrough_F1R1F2.xaml.cpp" />
    <ClCompile Include="walkthrough_F1R1F3.xaml.cpp" />
    <ClCompile Include="walkthrough_F1R1F4.xaml.cpp" />
    <ClCompile Include="walkthrough_F1R1F4L1.xaml.cpp" />
    <ClCompile Include="walkthrough_F1R1F4L1F1.xaml.cpp" />
    <ClCompile Include="walkthrough_F1R1F4L1F1R1.xaml.cpp" />
    <ClCompile Include="home_button.xaml.cpp" />
    <ClCompile Include="walkthrough_F3.xaml.cpp" />
    <ClCompile Include="walkthrough_F3R1.xaml.cpp" />
    <ClCompile Include="walkthrough_F3R1F1.xaml.cpp" />
    <ClCompile Include="walkthrough_F3R1F2.xaml.cpp" />
    <ClCompile Include="walkthrough_F3R1F3.xaml.cpp" />
    <ClCompile Include="walkthrough_F3R1F3R1.xaml.cpp" />
    <ClCompile Include="walkthrough_F3R1F3R1F1.xaml.cpp" />
    <ClCompile Include="walkthrough_F3R1F3R1F2.xaml.cpp" />
    <ClCompile Include="walkthrough_F3R1F3R1F2L1.xaml.cpp" />
    <ClCompile Include="walkthrough_F3R1F3R1F2L1F1.xaml.cpp" />
    <ClCompile Include="walkthrough_F3R1F3R1F2L1F2.xaml.cpp" />
    <ClCompile Include="walkthrough_F3R1F3R1F2L1F3.xaml.cpp" />
    <ClCompile Include="walkthrough_F4.xaml.cpp" />
    <ClCompile Include="walkthrough_F4L1.xaml.cpp" />
    <ClCompile Include="walkthrough_F4L1F1.xaml.cpp" />
    <ClCompile Include="walkthrough_F4L1F2.xaml.cpp" />
    <ClCompile Include="walkthrough_F4R1.xaml.cpp" />
    <ClCompile Include="walkthrough_F4R1F1.xaml.cpp" />
    <ClCompile Include="walkthrough_F4R1F1L1.xaml.cpp" />
    <ClCompile Include="walkthrough_F4R1F1L1F1.xaml.cpp" />
    <ClCompile Include="walkthrough_F4R1F1L1F1R1.xaml.cpp" />
    <ClCompile Include="walkthrough_F4R1F1L1F1R1F1.xaml.cpp" />
    <ClCompile Include="walkthrough_F5.xaml.cpp" />
    <ClCompile Include="Hometimer.cpp">
      <Filter>global resources</Filter>
    </ClCompile>
    <ClCompile Include="pch.cpp">
      <Filter>generated files</Filter>
    </ClCompile>
    <ClCompile Include="navigation_button.xaml.cpp" />
    <ClCompile Include="open_webpage.cpp">
      <Filter>global resources</Filter>
    </ClCompile>
    <ClCompile Include="walkthrough_F1R1F4L1F1R1F1.xaml.cpp" />
    <ClCompile Include="walkthrough_F1R1F4L1F1R2.xaml.cpp" />
    <ClCompile Include="walkthrough_F1R1F4L1R1.xaml.cpp" />
    <ClCompile Include="walkthrough_F5L1.xaml.cpp" />
    <ClCompile Include="walkthrough_F5R1.xaml.cpp" />
  </ItemGroup>
  <ItemGroup>
    <ClInclude Include="air.xaml.h" />
    <ClInclude Include="fivetanks.xaml.h" />
    <ClInclude Include="guided_tour_nav.xaml.h" />
    <ClInclude Include="hatchery_map.xaml.h" />
    <ClInclude Include="incubation.xaml.h" />
    <ClInclude Include="incubation_2.xaml.h" />
    <ClInclude Include="App.xaml.h" />
    <ClInclude Include="MainPage.xaml.h" />
    <ClInclude Include="tour_page_1.xaml.h" />
    <ClInclude Include="walkthrough_start1.xaml.h" />
    <ClInclude Include="water_treatment.xaml.h" />
    <ClInclude Include="water_intake.xaml.h" />
    <ClInclude Include="fish_delivery.xaml.h" />
    <ClInclude Include="six_foot_tanks.xaml.h" />
    <ClInclude Include="six_foot_tanks_2.xaml.h" />
    <ClInclude Include="tf_foot_tanks.xaml.h" />
    <ClInclude Include="tf_foot_filters.xaml.h" />
    <ClInclude Include="walkthrough_F1.xaml.h" />
    <ClInclude Include="walkthrough_F1R1.xaml.h" />
    <ClInclude Include="walkthrough_F2.xaml.h" />
    <ClInclude Include="walkthrough_L1.xaml.h" />
    <ClInclude Include="walkthrough_L1F1.xaml.h" />
    <ClInclude Include="walkthrough_L1F1R1.xaml.h" />
    <ClInclude Include="walkthrough_L1F2.xaml.h" />
    <ClInclude Include="walkthrough_L1F2R1.xaml.h" />
    <ClInclude Include="walkthrough_R1.xaml.h" />
    <ClInclude Include="walkthrough_F1R1F1.xaml.h" />
    <ClInclude Include="walkthrough_F1R1F2.xaml.h" />
    <ClInclude Include="walkthrough_F1R1F3.xaml.h" />
    <ClInclude Include="walkthrough_F1R1F4.xaml.h" />
    <ClInclude Include="walkthrough_F1R1F4L1.xaml.h" />
    <ClInclude Include="walkthrough_F1R1F4L1F1.xaml.h" />
    <ClInclude Include="walkthrough_F1R1F4L1F1R1.xaml.h" />
    <ClInclude Include="home_button.xaml.h" />
    <ClInclude Include="walkthrough_F3.xaml.h" />
    <ClInclude Include="walkthrough_F3R1.xaml.h" />
    <ClInclude Include="walkthrough_F3R1F1.xaml.h" />
    <ClInclude Include="walkthrough_F3R1F2.xaml.h" />
    <ClInclude Include="walkthrough_F3R1F3.xaml.h" />
    <ClInclude Include="walkthrough_F3R1F3R1.xaml.h" />
    <ClInclude Include="walkthrough_F3R1F3R1F1.xaml.h" />
    <ClInclude Include="walkthrough_F3R1F3R1F2.xaml.h" />
    <ClInclude Include="walkthrough_F3R1F3R1F2L1.xaml.h" />
    <ClInclude Include="walkthrough_F3R1F3R1F2L1F1.xaml.h" />
    <ClInclude Include="walkthrough_F3R1F3R1F2L1F2.xaml.h" />
    <ClInclude Include="walkthrough_F3R1F3R1F2L1F3.xaml.h" />
    <ClInclude Include="walkthrough_F4.xaml.h" />
    <ClInclude Include="walkthrough_F4L1.xaml.h" />
    <ClInclude Include="walkthrough_F4L1F1.xaml.h" />
    <ClInclude Include="walkthrough_F4L1F2.xaml.h" />
    <ClInclude Include="walkthrough_F4R1.xaml.h" />
    <ClInclude Include="walkthrough_F4R1F1.xaml.h" />
    <ClInclude Include="walkthrough_F4R1F1L1.xaml.h" />
    <ClInclude Include="walkthrough_F4R1F1L1F1.xaml.h" />
    <ClInclude Include="walkthrough_F4R1F1L1F1R1.xaml.h" />
    <ClInclude Include="walkthrough_F4R1F1L1F1R1F1.xaml.h" />
    <ClInclude Include="walkthrough_F5.xaml.h" />
    <ClInclude Include="directory.h">
      <Filter>global resources</Filter>
    </ClInclude>
    <ClInclude Include="Hometimer.h">
      <Filter>global resources</Filter>
    </ClInclude>
    <ClInclude Include="pch.h">
      <Filter>generated files</Filter>
    </ClInclude>
    <ClInclude Include="resource.h">
      <Filter>generated files</Filter>
    </ClInclude>
    <ClInclude Include="navigation_button.xaml.h" />
    <ClInclude Include="open_webpage.h">
      <Filter>global resources</Filter>
    </ClInclude>
    <ClInclude Include="walkthrough_F1R1F4L1F1R1F1.xaml.h" />
    <ClInclude Include="walkthrough_F1R1F4L1F1R2.xaml.h" />
    <ClInclude Include="walkthrough_F1R1F4L1R1.xaml.h" />
    <ClInclude Include="walkthrough_F5L1.xaml.h" />
    <ClInclude Include="walkthrough_F5R1.xaml.h" />
  </ItemGroup>
  <ItemGroup>
    <Image Include="Assets\down_arrow.png">
      <Filter>images</Filter>
    </Image>
    <Image Include="Assets\Egg Room Guided Tour\egg_001.jpg">
      <Filter>images</Filter>
    </Image>
    <Image Include="Assets\Egg Room Guided Tour\egg_002.jpg">
      <Filter>images</Filter>
    </Image>
    <Image Include="Assets\Egg Room Guided Tour\egg_002_01.jpg">
      <Filter>images</Filter>
    </Image>
    <Image Include="Assets\Egg Room Guided Tour\egg_002_02.jpg">
      <Filter>images</Filter>
    </Image>
    <Image Include="Assets\Egg Room Guided Tour\egg_002_03.jpg">
      <Filter>images</Filter>
    </Image>
    <Image Include="Assets\egg_intake.jpg">
      <Filter>images</Filter>
    </Image>
    <Image Include="Assets\filter.gif">
      <Filter>images</Filter>
    </Image>
    <Image Include="Assets\fishparty_bubble.png">
      <Filter>images</Filter>
    </Image>
    <Image Include="Assets\boiler_room2.jpg">
      <Filter>images</Filter>
    </Image>
    <Image Include="Assets\boiler_room.jpg">
      <Filter>images</Filter>
    </Image>
    <Image Include="Assets\air_background.jpg">
      <Filter>images</Filter>
    </Image>
    <Image Include="Assets\hatchery_map.jpg">
      <Filter>images</Filter>
    </Image>
    <Image Include="Assets\left_arrow.png">
      <Filter>images</Filter>
    </Image>
    <Image Include="Assets\LockScreenLogo.scale-200.png">
      <Filter>images</Filter>
    </Image>
    <Image Include="Assets\salmon.gif">
      <Filter>images</Filter>
    </Image>
    <Image Include="Assets\right_arrow.png">
      <Filter>images</Filter>
    </Image>
    <Image Include="Assets\splash_image.jpg">
      <Filter>images</Filter>
    </Image>
    <Image Include="Assets\SplashScreen.scale-200.png">
      <Filter>images</Filter>
    </Image>
    <Image Include="Assets\Square44x44Logo.scale-200.png">
      <Filter>images</Filter>
    </Image>
    <Image Include="Assets\Square44x44Logo.targetsize-24_altform-unplated.png">
      <Filter>images</Filter>
    </Image>
    <Image Include="Assets\Square150x150Logo.scale-200.png">
      <Filter>images</Filter>
    </Image>
    <Image Include="Assets\StoreLogo.png">
      <Filter>images</Filter>
    </Image>
    <Image Include="Assets\test_header.png">
      <Filter>images</Filter>
    </Image>
    <Image Include="Assets\test_header2.png">
      <Filter>images</Filter>
    </Image>
    <Image Include="Assets\up_arrow.png">
      <Filter>images</Filter>
    </Image>
    <Image Include="Assets\test walkthrough\walkthrough1.jpg">
      <Filter>images</Filter>
    </Image>
    <Image Include="Assets\test walkthrough\walkthrough3.jpg">
      <Filter>images</Filter>
    </Image>
    <Image Include="Assets\test walkthrough\walkthrough2.jpg">
      <Filter>images</Filter>
    </Image>
    <Image Include="Assets\test walkthrough\walkthrough4.jpg">
      <Filter>images</Filter>
    </Image>
    <Image Include="Assets\bg_wintake.jpg">
      <Filter>images</Filter>
    </Image>
    <Image Include="Assets\win_close.jpg">
      <Filter>images</Filter>
    </Image>
    <Image Include="Assets\Round_Icon.png">
      <Filter>images</Filter>
    </Image>
    <Image Include="Assets\delivery_truck2.png">
      <Filter>images</Filter>
    </Image>
    <Image Include="Assets\Egg Room Guided Tour\egg_001.jpg">
      <Filter>images\Egg Room Guided Tour</Filter>
    </Image>
    <Image Include="Assets\test walkthrough\walkthrough5.jpg">
      <Filter>images</Filter>
    </Image>
    <Image Include="Assets\test walkthrough\walkthrough6.jpg">
      <Filter>images</Filter>
    </Image>
    <Image Include="Assets\test walkthrough\walkthrough7.jpg">
      <Filter>images</Filter>
    </Image>
    <Image Include="Assets\test walkthrough\walkthrough8.jpg">
      <Filter>images</Filter>
    </Image>
    <Image Include="Assets\Wide310x150Logo.scale-200.png">
      <Filter>images</Filter>
    </Image>
    <Image Include="Assets\fishparty_splash_background.png">
      <Filter>images</Filter>
    </Image>
    <Image Include="Assets\5ft Tank Guided Tour\5ft_001.jpg">
      <Filter>images\5ft Guided Tour</Filter>
    </Image>
    <Image Include="Assets\5ft Tank Guided Tour\5ft_001_01.jpg">
      <Filter>images\5ft Guided Tour</Filter>
    </Image>
    <Image Include="Assets\6ft Tank Guided Tour\6ft_001.jpg">
      <Filter>images\6ft Guided Tour</Filter>
    </Image>
    <Image Include="Assets\6ft Tank Guided Tour\6ft_002.jpg">
      <Filter>images\6ft Guided Tour</Filter>
    </Image>
    <Image Include="Assets\Front Tanks Guided Tour\front_001.jpg">
      <Filter>images\Front Tanks Guided Tour</Filter>
    </Image>
    <Image Include="Assets\Front Tanks Guided Tour\arcticchar_largemap.jpg">
      <Filter>images\Front Tanks Guided Tour</Filter>
    </Image>
    <Image Include="Assets\walkthrough\walkthrough_start1.jpg">
      <Filter>images\Walkthrough Images</Filter>
    </Image>
    <Image Include="Assets\25ft Tank\25ft_close.jpg">
      <Filter>images\25ft Guided Tour</Filter>
    </Image>
    <Image Include="Assets\25ft Tank\25ft_food.jpg">
      <Filter>images\25ft Guided Tour</Filter>
    </Image>
    <Image Include="Assets\25ft Tank\25ft_grayling.jpg">
      <Filter>images\25ft Guided Tour</Filter>
    </Image>
    <Image Include="Assets\25ft Tank\25ft_oh.jpg">
      <Filter>images\25ft Guided Tour</Filter>
    </Image>
    <Image Include="Assets\25ft Filters\big_close.jpg">
      <Filter>images\25ft Filter Guided Tour</Filter>
    </Image>
    <Image Include="Assets\25ft Filters\big_top.jpg">
      <Filter>images\25ft Filter Guided Tour</Filter>
    </Image>
    <Image Include="Assets\25ft Filters\drum_close.jpg">
      <Filter>images\25ft Filter Guided Tour</Filter>
    </Image>
    <Image Include="Assets\25ft Filters\filter_bg.jpg">
      <Filter>images\25ft Filter Guided Tour</Filter>
    </Image>
    <Image Include="Assets\walkthrough\walkthrough_F1.jpg">
      <Filter>images\Walkthrough Images</Filter>
    </Image>
    <Image Include="Assets\walkthrough\walkthrough_F1R1.jpg">
      <Filter>images\Walkthrough Images</Filter>
    </Image>
    <Image Include="Assets\walkthrough\walkthrough_F1R1F1.jpg">
      <Filter>images\Walkthrough Images</Filter>
    </Image>
    <Image Include="Assets\walkthrough\walkthrough_F1R1F2.jpg">
      <Filter>images\Walkthrough Images</Filter>
    </Image>
    <Image Include="Assets\walkthrough\walkthrough_F1R1F3.jpg">
      <Filter>images\Walkthrough Images</Filter>
    </Image>
    <Image Include="Assets\walkthrough\walkthrough_F1R1F4.jpg">
      <Filter>images\Walkthrough Images</Filter>
    </Image>
    <Image Include="Assets\walkthrough\walkthrough_F1R1F4L1.jpg">
      <Filter>images\Walkthrough Images</Filter>
    </Image>
    <Image Include="Assets\walkthrough\walkthrough_F1R1F4L1F1.jpg">
      <Filter>images\Walkthrough Images</Filter>
    </Image>
    <Image Include="Assets\walkthrough\walkthrough_F1R1F4L1F1R1.jpg">
      <Filter>images\Walkthrough Images</Filter>
    </Image>
    <Image Include="Assets\walkthrough\walkthrough_L1.jpg">
      <Filter>images\Walkthrough Images</Filter>
    </Image>
    <Image Include="Assets\walkthrough\walkthrough_L1F1.jpg">
      <Filter>images\Walkthrough Images</Filter>
    </Image>
    <Image Include="Assets\walkthrough\walkthrough_L1F1R1.jpg">
      <Filter>images\Walkthrough Images</Filter>
    </Image>
    <Image Include="Assets\walkthrough\walkthrough_L1F2.jpg">
      <Filter>images\Walkthrough Images</Filter>
    </Image>
    <Image Include="Assets\walkthrough\walkthrough_L1F2R1.jpg">
      <Filter>images\Walkthrough Images</Filter>
    </Image>
    <Image Include="Assets\walkthrough\walkthrough_R1.jpg">
      <Filter>images\Walkthrough Images</Filter>
    </Image>
    <Image Include="Assets\walkthrough\walkthrough_F2.jpg">
      <Filter>images\Walkthrough Images</Filter>
    </Image>
    <Image Include="Assets\advance_icon.png">
      <Filter>images</Filter>
    </Image>
    <Image Include="Assets\walkthrough\walkthrough_F3.jpg">
      <Filter>images\Walkthrough Images</Filter>
    </Image>
    <Image Include="Assets\walkthrough\walkthrough_F3R1.jpg">
      <Filter>images\Walkthrough Images</Filter>
    </Image>
    <Image Include="Assets\walkthrough\walkthrough_F3R1F1.jpg">
      <Filter>images\Walkthrough Images</Filter>
    </Image>
    <Image Include="Assets\walkthrough\walkthrough_F3R1F2.jpg">
      <Filter>images\Walkthrough Images</Filter>
    </Image>
    <Image Include="Assets\walkthrough\walkthrough_F3R1F3.jpg">
      <Filter>images\Walkthrough Images</Filter>
    </Image>
    <Image Include="Assets\walkthrough\walkthrough_F3R1F3R1.jpg">
      <Filter>images\Walkthrough Images</Filter>
    </Image>
    <Image Include="Assets\walkthrough\walkthrough_F3R1F3R1F1.jpg">
      <Filter>images\Walkthrough Images</Filter>
    </Image>
    <Image Include="Assets\walkthrough\walkthrough_F3R1F3R1F2.jpg">
      <Filter>images\Walkthrough Images</Filter>
    </Image>
    <Image Include="Assets\walkthrough\walkthrough_F3R1F3R1F2L1.jpg">
      <Filter>images\Walkthrough Images</Filter>
    </Image>
    <Image Include="Assets\walkthrough\walkthrough_F3R1F3R1F2L1F1.jpg">
      <Filter>images\Walkthrough Images</Filter>
    </Image>
    <Image Include="Assets\walkthrough\walkthrough_F3R1F3R1F2L1F2.jpg">
      <Filter>images\Walkthrough Images</Filter>
    </Image>
    <Image Include="Assets\walkthrough\walkthrough_F3R1F3R1F2L1F3.jpg">
      <Filter>images\Walkthrough Images</Filter>
    </Image>
    <Image Include="Assets\walkthrough\walkthrough_F4.jpg">
      <Filter>images\Walkthrough Images</Filter>
    </Image>
    <Image Include="Assets\walkthrough\walkthrough_F4L1.jpg">
      <Filter>images\Walkthrough Images</Filter>
    </Image>
    <Image Include="Assets\walkthrough\walkthrough_F4L1F1.jpg">
      <Filter>images\Walkthrough Images</Filter>
    </Image>
    <Image Include="Assets\walkthrough\walkthrough_F4L1F2.jpg">
      <Filter>images\Walkthrough Images</Filter>
    </Image>
    <Image Include="Assets\walkthrough\walkthrough_F4R1.jpg">
      <Filter>images\Walkthrough Images</Filter>
    </Image>
    <Image Include="Assets\walkthrough\walkthrough_F4R1F1.jpg">
      <Filter>images\Walkthrough Images</Filter>
    </Image>
    <Image Include="Assets\walkthrough\walkthrough_F4R1F1L1.jpg">
      <Filter>images\Walkthrough Images</Filter>
    </Image>
    <Image Include="Assets\walkthrough\walkthrough_F4R1F1L1F1.jpg">
      <Filter>images\Walkthrough Images</Filter>
    </Image>
    <Image Include="Assets\walkthrough\walkthrough_F4R1F1L1F1R1.jpg">
      <Filter>images\Walkthrough Images</Filter>
    </Image>
    <Image Include="Assets\walkthrough\walkthrough_F4R1F1L1F1R1F1.jpg">
      <Filter>images\Walkthrough Images</Filter>
    </Image>
    <Image Include="Assets\walkthrough\walkthrough_F5.jpg">
      <Filter>images\Walkthrough Images</Filter>
    </Image>
    <Image Include="Assets\delivery_truck3.jpg">
      <Filter>images\Walkthrough Images</Filter>
    </Image>
    <Image Include="Assets\hamburger.png">
      <Filter>images</Filter>
    </Image>
    <Image Include="Assets\next_icon.png">
      <Filter>images</Filter>
    </Image>
    <Image Include="Assets\home_icon.png">
      <Filter>images</Filter>
    </Image>
    <Image Include="Assets\back_icon.png">
      <Filter>images</Filter>
    </Image>
    <Image Include="Assets\last_icon.png">
      <Filter>images</Filter>
    </Image>
    <Image Include="Assets\walkthrough\walkthrough_F1R1F4L1F1R1F1.jpg">
      <Filter>images\Walkthrough Images</Filter>
    </Image>
    <Image Include="Assets\walkthrough\walkthrough_F1R1F4L1F1R2.jpg">
      <Filter>images\Walkthrough Images</Filter>
    </Image>
    <Image Include="Assets\walkthrough\walkthrough_F1R1F4L1R1.jpg">
      <Filter>images\Walkthrough Images</Filter>
    </Image>
    <Image Include="Assets\walkthrough\walkthrough_F5L1.jpg">
      <Filter>images\Walkthrough Images</Filter>
    </Image>
    <Image Include="Assets\walkthrough\walkthrough_F5R1.jpg">
      <Filter>images\Walkthrough Images</Filter>
    </Image>
    <Image Include="Assets\heli.gif">
      <Filter>images</Filter>
    </Image>
    <Image Include="Assets\stocking_truck.gif">
      <Filter>images</Filter>
    </Image>
    <Image Include="Assets\stocking_1.gif">
      <Filter>images</Filter>
    </Image>
    <Image Include="Assets\stocking_2.gif">
      <Filter>images</Filter>
    </Image>
  </ItemGroup>
  <ItemGroup>
    <None Include="fishparty_TemporaryKey.pfx">
      <Filter>generated files</Filter>
    </None>
    <None Include="guided_tour_content\water_intake\first_stage_filter.htm">
      <Filter>webpages</Filter>
    </None>
    <None Include="heat_content_display.htm">
      <Filter>webpages</Filter>
    </None>
    <None Include="Iron_content_display.htm">
      <Filter>webpages</Filter>
    </None>
    <None Include="guided_tour_content\water_intake\second_stage_filter.htm">
      <Filter>webpages</Filter>
    </None>
    <None Include="guided_tour_content\incubation\incubation.htm">
      <Filter>webpages</Filter>
    </None>
    <None Include="guided_tour_content\water_intake\wintake_page_overview.htm">
      <Filter>webpages</Filter>
    </None>
    <None Include="egg_receiving_overview.htm">
      <Filter>webpages</Filter>
    </None>
    <None Include="egg_receiving_disinfecting.htm">
      <Filter>webpages</Filter>
    </None>
    <None Include="incubation_info.htm">
      <Filter>webpages</Filter>
    </None>
    <None Include="incubation_header_tanks.htm">
      <Filter>webpages</Filter>
    </None>
    <None Include="incubation_covers.htm">
      <Filter>webpages</Filter>
    </None>
    <None Include="guided_tour_content\css\singlePageTemplate.css" />
    <None Include="guided_tour_content\fish_delivery\delivery_process.htm">
      <Filter>webpages</Filter>
    </None>
    <None Include="guided_tour_content\fish_delivery\delivery_vehicles.htm">
      <Filter>webpages</Filter>
    </None>
    <None Include="guided_tour_content\5ft_tanks\5ft_tanks_overview.htm">
      <Filter>webpages</Filter>
    </None>
    <None Include="guided_tour_content\5ft_tanks\header_tanks.htm">
      <Filter>webpages</Filter>
    </None>
  </ItemGroup>
  <ItemGroup>
    <Page Include="hatchery_map.xaml" />
    <Page Include="MainPage.xaml" />
    <Page Include="tour_page_1.xaml" />
    <Page Include="air.xaml">
      <Filter>guided tour pages</Filter>
    </Page>
    <Page Include="fivetanks.xaml">
      <Filter>guided tour pages</Filter>
    </Page>
    <Page Include="water_intake.xaml">
      <Filter>guided tour pages</Filter>
    </Page>
    <Page Include="fish_delivery.xaml">
      <Filter>guided tour pages</Filter>
    </Page>
    <Page Include="incubation.xaml">
      <Filter>guided tour pages</Filter>
    </Page>
    <Page Include="incubation_2.xaml">
      <Filter>guided tour pages</Filter>
    </Page>
    <Page Include="water_treatment.xaml">
      <Filter>guided tour pages</Filter>
    </Page>
    <Page Include="six_foot_tanks.xaml">
      <Filter>guided tour pages</Filter>
    </Page>
    <Page Include="six_foot_tanks_2.xaml">
      <Filter>guided tour pages</Filter>
    </Page>
    <Page Include="walkthrough_start1.xaml">
      <Filter>Walkthrough Pages</Filter>
    </Page>
    <Page Include="tf_foot_filters.xaml">
      <Filter>guided tour pages</Filter>
    </Page>
    <Page Include="tf_foot_tanks.xaml">
      <Filter>guided tour pages</Filter>
    </Page>
    <Page Include="walkthrough_R1.xaml">
      <Filter>Walkthrough Pages</Filter>
    </Page>
    <Page Include="walkthrough_F1.xaml">
      <Filter>Walkthrough Pages</Filter>
    </Page>
    <Page Include="walkthrough_F1R1.xaml">
      <Filter>Walkthrough Pages</Filter>
    </Page>
    <Page Include="walkthrough_F2.xaml">
      <Filter>Walkthrough Pages</Filter>
    </Page>
    <Page Include="walkthrough_L1.xaml">
      <Filter>Walkthrough Pages</Filter>
    </Page>
    <Page Include="walkthrough_L1F1.xaml">
      <Filter>Walkthrough Pages</Filter>
    </Page>
    <Page Include="walkthrough_L1F1R1.xaml">
      <Filter>Walkthrough Pages</Filter>
    </Page>
    <Page Include="walkthrough_L1F2.xaml">
      <Filter>Walkthrough Pages</Filter>
    </Page>
    <Page Include="walkthrough_L1F2R1.xaml">
      <Filter>Walkthrough Pages</Filter>
    </Page>
    <Page Include="walkthrough_F1R1F1.xaml">
      <Filter>Walkthrough Pages</Filter>
    </Page>
    <Page Include="walkthrough_F1R1F2.xaml">
      <Filter>Walkthrough Pages</Filter>
    </Page>
    <Page Include="walkthrough_F1R1F3.xaml">
      <Filter>Walkthrough Pages</Filter>
    </Page>
    <Page Include="walkthrough_F1R1F4.xaml">
      <Filter>Walkthrough Pages</Filter>
    </Page>
    <Page Include="walkthrough_F1R1F4L1.xaml">
      <Filter>Walkthrough Pages</Filter>
    </Page>
    <Page Include="walkthrough_F1R1F4L1F1.xaml">
      <Filter>Walkthrough Pages</Filter>
    </Page>
    <Page Include="walkthrough_F1R1F4L1F1R1.xaml">
      <Filter>Walkthrough Pages</Filter>
    </Page>
    <Page Include="walkthrough_F3.xaml">
      <Filter>Walkthrough Pages</Filter>
    </Page>
    <Page Include="walkthrough_F4.xaml">
      <Filter>Walkthrough Pages</Filter>
    </Page>
    <Page Include="walkthrough_F5.xaml">
      <Filter>Walkthrough Pages</Filter>
    </Page>
    <Page Include="walkthrough_F4L1.xaml">
      <Filter>Walkthrough Pages</Filter>
    </Page>
    <Page Include="walkthrough_F4L1F1.xaml">
      <Filter>Walkthrough Pages</Filter>
    </Page>
    <Page Include="walkthrough_F4L1F2.xaml">
      <Filter>Walkthrough Pages</Filter>
    </Page>
    <Page Include="walkthrough_F3R1.xaml">
      <Filter>Walkthrough Pages</Filter>
    </Page>
    <Page Include="walkthrough_F3R1F1.xaml">
      <Filter>Walkthrough Pages</Filter>
    </Page>
    <Page Include="walkthrough_F3R1F2.xaml">
      <Filter>Walkthrough Pages</Filter>
    </Page>
    <Page Include="walkthrough_F3R1F3.xaml">
      <Filter>Walkthrough Pages</Filter>
    </Page>
    <Page Include="walkthrough_F3R1F3R1.xaml">
      <Filter>Walkthrough Pages</Filter>
    </Page>
    <Page Include="walkthrough_F3R1F3R1F1.xaml">
      <Filter>Walkthrough Pages</Filter>
    </Page>
    <Page Include="walkthrough_F3R1F3R1F2.xaml">
      <Filter>Walkthrough Pages</Filter>
    </Page>
    <Page Include="walkthrough_F3R1F3R1F2L1.xaml">
      <Filter>Walkthrough Pages</Filter>
    </Page>
    <Page Include="walkthrough_F3R1F3R1F2L1F1.xaml">
      <Filter>Walkthrough Pages</Filter>
    </Page>
    <Page Include="walkthrough_F3R1F3R1F2L1F2.xaml">
      <Filter>Walkthrough Pages</Filter>
    </Page>
    <Page Include="walkthrough_F3R1F3R1F2L1F3.xaml">
      <Filter>Walkthrough Pages</Filter>
    </Page>
    <Page Include="walkthrough_F4R1.xaml">
      <Filter>Walkthrough Pages</Filter>
    </Page>
    <Page Include="walkthrough_F4R1F1.xaml">
      <Filter>Walkthrough Pages</Filter>
    </Page>
    <Page Include="walkthrough_F4R1F1L1.xaml">
      <Filter>Walkthrough Pages</Filter>
    </Page>
    <Page Include="walkthrough_F4R1F1L1F1.xaml">
      <Filter>Walkthrough Pages</Filter>
    </Page>
    <Page Include="walkthrough_F4R1F1L1F1R1.xaml">
      <Filter>Walkthrough Pages</Filter>
    </Page>
    <Page Include="walkthrough_F4R1F1L1F1R1F1.xaml">
      <Filter>Walkthrough Pages</Filter>
    </Page>
    <Page Include="guided_tour_nav.xaml">
      <Filter>global resources</Filter>
    </Page>
    <Page Include="home_button.xaml">
      <Filter>global resources</Filter>
    </Page>
    <Page Include="navigation_button.xaml">
      <Filter>global resources</Filter>
    </Page>
    <Page Include="walkthrough_F1R1F4L1R1.xaml">
      <Filter>Walkthrough Pages</Filter>
    </Page>
    <Page Include="walkthrough_F1R1F4L1F1R1F1.xaml">
      <Filter>Walkthrough Pages</Filter>
    </Page>
    <Page Include="walkthrough_F1R1F4L1F1R2.xaml">
      <Filter>Walkthrough Pages</Filter>
    </Page>
    <Page Include="walkthrough_F5R1.xaml">
      <Filter>Walkthrough Pages</Filter>
    </Page>
    <Page Include="walkthrough_F5L1.xaml">
      <Filter>Walkthrough Pages</Filter>
    </Page>
    <Page Include="overview_button.xaml">
      <Filter>global resources</Filter>
    </Page>
  </ItemGroup>
  <ItemGroup>
    <Filter Include="images">
      <UniqueIdentifier>{e6a7b1eb-2023-4190-b735-805ad8a1c4f1}</UniqueIdentifier>
    </Filter>
    <Filter Include="guided tour pages">
      <UniqueIdentifier>{d1abf654-6a8b-4548-9a55-8aa774fdbc73}</UniqueIdentifier>
    </Filter>
    <Filter Include="images\5ft Guided Tour">
      <UniqueIdentifier>{22b26b48-cd08-4abe-9384-5c5f25b0507d}</UniqueIdentifier>
    </Filter>
    <Filter Include="images\6ft Guided Tour">
      <UniqueIdentifier>{31930c9e-fec1-446c-b3c5-dc3e5bae2966}</UniqueIdentifier>
    </Filter>
    <Filter Include="images\Front Tanks Guided Tour">
      <UniqueIdentifier>{eedd53d9-470b-4935-a004-0c830818e5ca}</UniqueIdentifier>
    </Filter>
    <Filter Include="Walkthrough Pages">
      <UniqueIdentifier>{6f8319c0-6b4f-44b0-b5cc-a5c137e977ca}</UniqueIdentifier>
    </Filter>
    <Filter Include="images\Walkthrough Images">
      <UniqueIdentifier>{a82e9c14-f3bb-4856-8341-b461be9c30bb}</UniqueIdentifier>
    </Filter>
    <Filter Include="images\25ft Guided Tour">
      <UniqueIdentifier>{6f1e3498-f655-4a57-add6-3ce50c362801}</UniqueIdentifier>
    </Filter>
    <Filter Include="images\25ft Filter Guided Tour">
      <UniqueIdentifier>{1fbdad21-4a69-4bc2-ac15-b26e272e43e5}</UniqueIdentifier>
    </Filter>
    <Filter Include="global resources">
      <UniqueIdentifier>{c3db9090-59c8-48cd-8166-264e35347b05}</UniqueIdentifier>
    </Filter>
    <Filter Include="generated files">
      <UniqueIdentifier>{6456529a-c644-4ad9-9279-2c260439bdba}</UniqueIdentifier>
    </Filter>
    <Filter Include="webpages">
      <UniqueIdentifier>{fddbb908-70be-40b0-b051-10f2bd1f410b}</UniqueIdentifier>
    </Filter>
  </ItemGroup>
  <ItemGroup>
    <ApplicationDefinition Include="App.xaml">
      <Filter>global resources</Filter>
    </ApplicationDefinition>
    <ApplicationDefinition Include="App.xaml">
      <Filter>global resources</Filter>
    </ApplicationDefinition>
  </ItemGroup>
  <ItemGroup>
    <ResourceCompile Include="fishparty.rc">
      <Filter>generated files</Filter>
    </ResourceCompile>
  </ItemGroup>
  <ItemGroup>
    <AppxManifest Include="Package.appxmanifest">
      <Filter>generated files</Filter>
    </AppxManifest>
  </ItemGroup>
</Project>